
Microsoft Visual Studio Solution File, Format Version 12.00
# Visual Studio Version 17
VisualStudioVersion = 17.4.33122.133
MinimumVisualStudioVersion = 10.0.40219.1
Project("{FAE04EC0-301F-11D3-BF4B-00C04F79EFBC}") = "api.truyenonline", "api.truyenonline.csproj", "{F57B29CD-329F-474A-BA66-7F47C976C486}"
EndProject
Global
	GlobalSection(SolutionConfigurationPlatforms) = preSolution
		Debug|Any CPU = Debug|Any CPU
		Release|Any CPU = Release|Any CPU
	EndGlobalSection
	GlobalSection(ProjectConfigurationPlatforms) = postSolution
		{F57B29CD-329F-474A-BA66-7F47C976C486}.Debug|Any CPU.ActiveCfg = Debug|Any CPU
		{F57B29CD-329F-474A-BA66-7F47C976C486}.Debug|Any CPU.Build.0 = Debug|Any CPU
		{F57B29CD-329F-474A-BA66-7F47C976C486}.Release|Any CPU.ActiveCfg = Release|Any CPU
		{F57B29CD-329F-474A-BA66-7F47C976C486}.Release|Any CPU.Build.0 = Release|Any CPU
	EndGlobalSection
	GlobalSection(SolutionProperties) = preSolution
		HideSolutionNode = FALSE
	EndGlobalSection
	GlobalSection(ExtensibilityGlobals) = postSolution
		SolutionGuid = {7882DBE8-4B18-4EA5-85E7-837197FAECF7}
	EndGlobalSection
EndGlobal
